// !$*UTF8*$!
{
	archiveVersion = 1;
	classes = {};
	objectVersion = 56;
	objects = {
		0927DA6E9120BE99D3D1EBB8 = { "isa" = "PBXFileReference"; "lastKnownFileType" = "sourcecode.swift"; "path" = "AltView/AppDelegate.swift"; "sourceTree" = "SOURCE_ROOT"; };
		4BA1C3A3E862F8AA7CF050FF = { "isa" = "PBXFileReference"; "lastKnownFileType" = "sourcecode.swift"; "path" = "AltView/Core/LowerThirdTemplate.swift"; "sourceTree" = "SOURCE_ROOT"; };
		2A9197FBF3C7FCCB5DED719E = { "isa" = "PBXFileReference"; "lastKnownFileType" = "sourcecode.swift"; "path" = "AltView/Core/PNGArtworkStore.swift"; "sourceTree" = "SOURCE_ROOT"; };
		E28844313B79A72B8142D8D9 = { "isa" = "PBXFileReference"; "lastKnownFileType" = "sourcecode.swift"; "path" = "AltView/Core/Protocol.swift"; "sourceTree" = "SOURCE_ROOT"; };
		B545165978F99CBA5B4DBC48 = { "isa" = "PBXFileReference"; "lastKnownFileType" = "sourcecode.swift"; "path" = "AltView/Core/ReceiverState.swift"; "sourceTree" = "SOURCE_ROOT"; };
		847899E804EBDC10DD610926 = { "isa" = "PBXFileReference"; "lastKnownFileType" = "sourcecode.swift"; "path" = "AltView/Core/SnapshotMailbox.swift"; "sourceTree" = "SOURCE_ROOT"; };
		A3AD11E93A6597B65DADA9A8 = { "isa" = "PBXFileReference"; "lastKnownFileType" = "sourcecode.swift"; "path" = "AltView/Core/TextComposerSession.swift"; "sourceTree" = "SOURCE_ROOT"; };
		DFB565C8915579D4DE987D2D = { "isa" = "PBXFileReference"; "lastKnownFileType" = "sourcecode.swift"; "path" = "AltView/Network/PeerChannel.swift"; "sourceTree" = "SOURCE_ROOT"; };
		A1CA58C31F48CB41260BF0B2 = { "isa" = "PBXFileReference"; "lastKnownFileType" = "sourcecode.swift"; "path" = "AltView/Network/ReceiverDiscovery.swift"; "sourceTree" = "SOURCE_ROOT"; };
		75C9942799D56E5711296E67 = { "isa" = "PBXFileReference"; "lastKnownFileType" = "sourcecode.swift"; "path" = "AltView/Network/ReceiverServer.swift"; "sourceTree" = "SOURCE_ROOT"; };
		A2E154B940EAFE46878D539E = { "isa" = "PBXFileReference"; "lastKnownFileType" = "sourcecode.swift"; "path" = "AltView/Network/SecureConnection.swift"; "sourceTree" = "SOURCE_ROOT"; };
		C8A2FC46FEE28D8BB85CBEBE = { "isa" = "PBXFileReference"; "lastKnownFileType" = "sourcecode.swift"; "path" = "AltView/Network/SenderClient.swift"; "sourceTree" = "SOURCE_ROOT"; };
		F13C2E90487571407F1F237F = { "isa" = "PBXFileReference"; "lastKnownFileType" = "sourcecode.swift"; "path" = "AltView/UI/CanvasPresentation.swift"; "sourceTree" = "SOURCE_ROOT"; };
		DC72B3C99A10C51A8AF12F83 = { "isa" = "PBXFileReference"; "lastKnownFileType" = "sourcecode.swift"; "path" = "AltView/UI/Controls.swift"; "sourceTree" = "SOURCE_ROOT"; };
		5F48876A4B6B9B50421D0B22 = { "isa" = "PBXFileReference"; "lastKnownFileType" = "sourcecode.swift"; "path" = "AltView/UI/LowerThirdWindow.swift"; "sourceTree" = "SOURCE_ROOT"; };
		9AEDC654D9B830342ABF8836 = { "isa" = "PBXFileReference"; "lastKnownFileType" = "sourcecode.swift"; "path" = "AltView/UI/OutputCanvas.swift"; "sourceTree" = "SOURCE_ROOT"; };
		8A860AA9DD8C92A9433E67D9 = { "isa" = "PBXFileReference"; "lastKnownFileType" = "sourcecode.swift"; "path" = "AltView/UI/OutputWindow.swift"; "sourceTree" = "SOURCE_ROOT"; };
		12F1520C4AFD3A9F2D9AD314 = { "isa" = "PBXFileReference"; "lastKnownFileType" = "sourcecode.swift"; "path" = "AltView/UI/ReceiverWindow.swift"; "sourceTree" = "SOURCE_ROOT"; };
		839286AA0F9AA92EC123C840 = { "isa" = "PBXFileReference"; "lastKnownFileType" = "sourcecode.swift"; "path" = "AltView/UI/TextComposer.swift"; "sourceTree" = "SOURCE_ROOT"; };
		F1E114E7DD280CCECB5B9AE4 = { "isa" = "PBXFileReference"; "lastKnownFileType" = "sourcecode.swift"; "path" = "AltView/Updates/AppUpdateController.swift"; "sourceTree" = "SOURCE_ROOT"; };
		E8CDE2C9AF4655EFC9F8B30D = { "isa" = "PBXFileReference"; "lastKnownFileType" = "sourcecode.swift"; "path" = "AltView/Updates/SparkleUpdateDriver.swift"; "sourceTree" = "SOURCE_ROOT"; };
		40C33EFDA0E7CEE2AACEDE10 = { "isa" = "PBXFileReference"; "lastKnownFileType" = "sourcecode.swift"; "path" = "AltView/main.swift"; "sourceTree" = "SOURCE_ROOT"; };
		97B085D44C0234403D86994E = { "isa" = "PBXFileReference"; "lastKnownFileType" = "sourcecode.swift"; "path" = "AltViewTests/AppUpdateTests.swift"; "sourceTree" = "SOURCE_ROOT"; };
		091EABDA8DEFC63B3456AA6E = { "isa" = "PBXFileReference"; "lastKnownFileType" = "sourcecode.swift"; "path" = "AltViewTests/LowerThirdTests.swift"; "sourceTree" = "SOURCE_ROOT"; };
		CCF711486BA9BFB38BB37465 = { "isa" = "PBXFileReference"; "lastKnownFileType" = "sourcecode.swift"; "path" = "AltViewTests/NetworkTests.swift"; "sourceTree" = "SOURCE_ROOT"; };
		E75E21ADF1129B582CDA938A = { "isa" = "PBXFileReference"; "lastKnownFileType" = "sourcecode.swift"; "path" = "AltViewTests/OwnershipTests.swift"; "sourceTree" = "SOURCE_ROOT"; };
		BCFF508CF86BC515610EA5BC = { "isa" = "PBXFileReference"; "lastKnownFileType" = "sourcecode.swift"; "path" = "AltViewTests/ProtocolTests.swift"; "sourceTree" = "SOURCE_ROOT"; };
		D55001CED03F182E245E4BFC = { "isa" = "PBXFileReference"; "lastKnownFileType" = "sourcecode.swift"; "path" = "AltViewTests/RendererTests.swift"; "sourceTree" = "SOURCE_ROOT"; };
		F6D68932213725C67C064FA4 = { "isa" = "PBXFileReference"; "lastKnownFileType" = "sourcecode.swift"; "path" = "AltViewTests/TextComposerTests.swift"; "sourceTree" = "SOURCE_ROOT"; };
		08CBA2264DE39B18111A8D64 = { "isa" = "PBXFileReference"; "lastKnownFileType" = "sourcecode.swift"; "path" = "AltViewTests/WindowTests.swift"; "sourceTree" = "SOURCE_ROOT"; };
		1F7008F7750F548AF6565541 = { "isa" = "PBXFileReference"; "lastKnownFileType" = "folder.assetcatalog"; "path" = "AltView/Assets.xcassets"; "sourceTree" = "SOURCE_ROOT"; };
		B38210EECF96AB1FE4C4130D = { "isa" = "PBXFileReference"; "lastKnownFileType" = "text.plist.xml"; "path" = "AltView/Info.plist"; "sourceTree" = "SOURCE_ROOT"; };
		429E286158DD74A5AC9FED2C = { "isa" = "PBXFileReference"; "lastKnownFileType" = "text.plist.xml"; "path" = "AltView/AltView.entitlements"; "sourceTree" = "SOURCE_ROOT"; };
		300CA7D5E04FE7FF83BCDCEA = { "isa" = "PBXFileReference"; "lastKnownFileType" = "text.plist.xml"; "path" = "AltView/AltViewDebug.entitlements"; "sourceTree" = "SOURCE_ROOT"; };
		8EC9A00BFD09B3190AC6B222 = { "isa" = "PBXFileReference"; "lastKnownFileType" = "net.daringfireball.markdown"; "path" = "README.md"; "sourceTree" = "SOURCE_ROOT"; };
		B33892FBDDEFFC3368077B49 = { "isa" = "PBXFileReference"; "lastKnownFileType" = "net.daringfireball.markdown"; "path" = "VERSION"; "sourceTree" = "SOURCE_ROOT"; };
		C6DA1B2433073F83FF5C5BF4 = { "isa" = "XCRemoteSwiftPackageReference"; "repositoryURL" = "https://github.com/sparkle-project/Sparkle"; "requirement" = { "kind" = "exactVersion"; "version" = "2.9.6"; }; };
		018A88811128075285F71CF5 = { "isa" = "XCSwiftPackageProductDependency"; "package" = "C6DA1B2433073F83FF5C5BF4"; "productName" = "Sparkle"; };
		74FC4A1FC8E2EE11063DFC67 = { "isa" = "PBXBuildFile"; "productRef" = "018A88811128075285F71CF5"; };
		82D6DB8B5F8E8681CCBD86C4 = { "isa" = "PBXShellScriptBuildPhase"; "buildActionMask" = "2147483647"; "files" = (); "inputPaths" = ("$(SRCROOT)/VERSION", "$(SRCROOT)/AltView/Info.plist", "$(SRCROOT)/scripts/generate-info-plist.sh",); "outputPaths" = ("$(DERIVED_FILE_DIR)/AltView-Info.plist",); "name" = "Generate versioned Info.plist"; "runOnlyForDeploymentPostprocessing" = "0"; "shellPath" = "/bin/bash"; "shellScript" = "bash \"$SRCROOT/scripts/generate-info-plist.sh\" \"$SRCROOT/VERSION\" \"$SRCROOT/AltView/Info.plist\" \"$DERIVED_FILE_DIR/AltView-Info.plist\"\n"; };
		26ECE438936F05ADFDF481D2 = { "isa" = "PBXBuildFile"; "fileRef" = "0927DA6E9120BE99D3D1EBB8"; };
		B0142AE298FBE41B6AAACB39 = { "isa" = "PBXBuildFile"; "fileRef" = "4BA1C3A3E862F8AA7CF050FF"; };
		5C169F7C8AE57D9DA2304CB7 = { "isa" = "PBXBuildFile"; "fileRef" = "2A9197FBF3C7FCCB5DED719E"; };
		1C00000FA036B3BDA3F0C9C9 = { "isa" = "PBXBuildFile"; "fileRef" = "E28844313B79A72B8142D8D9"; };
		A6F8485CFF44D6E06D7DB698 = { "isa" = "PBXBuildFile"; "fileRef" = "B545165978F99CBA5B4DBC48"; };
		CD409F026375C0F9B4C34ECB = { "isa" = "PBXBuildFile"; "fileRef" = "847899E804EBDC10DD610926"; };
		708118A128A7CA0223A98BD1 = { "isa" = "PBXBuildFile"; "fileRef" = "A3AD11E93A6597B65DADA9A8"; };
		B02DF1915C5C368DADF980D8 = { "isa" = "PBXBuildFile"; "fileRef" = "DFB565C8915579D4DE987D2D"; };
		29403774FABE61F3F0B3C719 = { "isa" = "PBXBuildFile"; "fileRef" = "A1CA58C31F48CB41260BF0B2"; };
		C7845C3BCD532E876DB01666 = { "isa" = "PBXBuildFile"; "fileRef" = "75C9942799D56E5711296E67"; };
		4499B4A410C03EC58C4F4037 = { "isa" = "PBXBuildFile"; "fileRef" = "A2E154B940EAFE46878D539E"; };
		A63C36CC315962E706D167AE = { "isa" = "PBXBuildFile"; "fileRef" = "C8A2FC46FEE28D8BB85CBEBE"; };
		D7C7B6BD47A392E687882780 = { "isa" = "PBXBuildFile"; "fileRef" = "F13C2E90487571407F1F237F"; };
		FEE5117DD072E9DAD143324F = { "isa" = "PBXBuildFile"; "fileRef" = "DC72B3C99A10C51A8AF12F83"; };
		AC3F116F9B585FF14B612018 = { "isa" = "PBXBuildFile"; "fileRef" = "5F48876A4B6B9B50421D0B22"; };
		87AE6F913F96A75C22EA7130 = { "isa" = "PBXBuildFile"; "fileRef" = "9AEDC654D9B830342ABF8836"; };
		579068C88840D6A4485AC18F = { "isa" = "PBXBuildFile"; "fileRef" = "8A860AA9DD8C92A9433E67D9"; };
		F9537B6644D3356524D5FFBD = { "isa" = "PBXBuildFile"; "fileRef" = "12F1520C4AFD3A9F2D9AD314"; };
		9BBAE80BA28FDCF94A08BDA5 = { "isa" = "PBXBuildFile"; "fileRef" = "839286AA0F9AA92EC123C840"; };
		F16BC96ED4E193EA4CFF8654 = { "isa" = "PBXBuildFile"; "fileRef" = "F1E114E7DD280CCECB5B9AE4"; };
		8F319344DE2A6A50FEC6D33F = { "isa" = "PBXBuildFile"; "fileRef" = "E8CDE2C9AF4655EFC9F8B30D"; };
		0360B3FE5CB00E3A6A2EDCB7 = { "isa" = "PBXBuildFile"; "fileRef" = "40C33EFDA0E7CEE2AACEDE10"; };
		0EB3D74A984A5B7C99C8CEFA = { "isa" = "PBXSourcesBuildPhase"; "buildActionMask" = "2147483647"; "files" = ("26ECE438936F05ADFDF481D2", "B0142AE298FBE41B6AAACB39", "5C169F7C8AE57D9DA2304CB7", "1C00000FA036B3BDA3F0C9C9", "A6F8485CFF44D6E06D7DB698", "CD409F026375C0F9B4C34ECB", "708118A128A7CA0223A98BD1", "B02DF1915C5C368DADF980D8", "29403774FABE61F3F0B3C719", "C7845C3BCD532E876DB01666", "4499B4A410C03EC58C4F4037", "A63C36CC315962E706D167AE", "D7C7B6BD47A392E687882780", "FEE5117DD072E9DAD143324F", "AC3F116F9B585FF14B612018", "87AE6F913F96A75C22EA7130", "579068C88840D6A4485AC18F", "F9537B6644D3356524D5FFBD", "9BBAE80BA28FDCF94A08BDA5", "F16BC96ED4E193EA4CFF8654", "8F319344DE2A6A50FEC6D33F", "0360B3FE5CB00E3A6A2EDCB7",); "runOnlyForDeploymentPostprocessing" = "0"; };
		776F13331E9862AC6B063651 = { "isa" = "PBXFrameworksBuildPhase"; "buildActionMask" = "2147483647"; "files" = ("74FC4A1FC8E2EE11063DFC67",); "runOnlyForDeploymentPostprocessing" = "0"; };
		4F49E263E9B7C8AF0BA6B02C = { "isa" = "PBXBuildFile"; "fileRef" = "1F7008F7750F548AF6565541"; };
		48F9B914E17F16E7CCB59F2D = { "isa" = "PBXResourcesBuildPhase"; "buildActionMask" = "2147483647"; "files" = ("4F49E263E9B7C8AF0BA6B02C",); "runOnlyForDeploymentPostprocessing" = "0"; };
		220988B000CAEE455FFB34ED = { "isa" = "PBXBuildFile"; "fileRef" = "97B085D44C0234403D86994E"; };
		66436451E216A17864306734 = { "isa" = "PBXBuildFile"; "fileRef" = "091EABDA8DEFC63B3456AA6E"; };
		93C5573B4122ADB18765753C = { "isa" = "PBXBuildFile"; "fileRef" = "CCF711486BA9BFB38BB37465"; };
		64079CFBDC3AF4F37A620016 = { "isa" = "PBXBuildFile"; "fileRef" = "E75E21ADF1129B582CDA938A"; };
		03FBFBF2538BF5E196815D6D = { "isa" = "PBXBuildFile"; "fileRef" = "BCFF508CF86BC515610EA5BC"; };
		50675ACCA11950DAD716A833 = { "isa" = "PBXBuildFile"; "fileRef" = "D55001CED03F182E245E4BFC"; };
		FB4F8048103BB28A29554B11 = { "isa" = "PBXBuildFile"; "fileRef" = "F6D68932213725C67C064FA4"; };
		101AFED72820CBA8A6FAEFF2 = { "isa" = "PBXBuildFile"; "fileRef" = "08CBA2264DE39B18111A8D64"; };
		39251EFDF58D145FBEB9F58D = { "isa" = "PBXSourcesBuildPhase"; "buildActionMask" = "2147483647"; "files" = ("220988B000CAEE455FFB34ED", "66436451E216A17864306734", "93C5573B4122ADB18765753C", "64079CFBDC3AF4F37A620016", "03FBFBF2538BF5E196815D6D", "50675ACCA11950DAD716A833", "FB4F8048103BB28A29554B11", "101AFED72820CBA8A6FAEFF2",); "runOnlyForDeploymentPostprocessing" = "0"; };
		9416DA5A73A95D2D824A6F3A = { "isa" = "PBXFrameworksBuildPhase"; "buildActionMask" = "2147483647"; "files" = (); "runOnlyForDeploymentPostprocessing" = "0"; };
		EF42677B931679C1FDC06053 = { "isa" = "PBXResourcesBuildPhase"; "buildActionMask" = "2147483647"; "files" = (); "runOnlyForDeploymentPostprocessing" = "0"; };
		8BCD5BC4CDFDF0918087C782 = { "isa" = "PBXFileReference"; "explicitFileType" = "wrapper.application"; "includeInIndex" = "0"; "path" = "AltView.app"; "sourceTree" = "BUILT_PRODUCTS_DIR"; };
		F219C0274590DA45E4BEF1EA = { "isa" = "PBXFileReference"; "explicitFileType" = "wrapper.cfbundle"; "includeInIndex" = "0"; "path" = "AltViewTests.xctest"; "sourceTree" = "BUILT_PRODUCTS_DIR"; };
		FBDC4F23F93125BBEEAE800C = { "isa" = "PBXGroup"; "children" = ("8BCD5BC4CDFDF0918087C782", "F219C0274590DA45E4BEF1EA",); "name" = "Products"; "sourceTree" = "<group>"; };
		69F8D45498D7E20DA99BB780 = { "isa" = "PBXGroup"; "children" = ("0927DA6E9120BE99D3D1EBB8", "4BA1C3A3E862F8AA7CF050FF", "2A9197FBF3C7FCCB5DED719E", "E28844313B79A72B8142D8D9", "B545165978F99CBA5B4DBC48", "847899E804EBDC10DD610926", "A3AD11E93A6597B65DADA9A8", "DFB565C8915579D4DE987D2D", "A1CA58C31F48CB41260BF0B2", "75C9942799D56E5711296E67", "A2E154B940EAFE46878D539E", "C8A2FC46FEE28D8BB85CBEBE", "F13C2E90487571407F1F237F", "DC72B3C99A10C51A8AF12F83", "5F48876A4B6B9B50421D0B22", "9AEDC654D9B830342ABF8836", "8A860AA9DD8C92A9433E67D9", "12F1520C4AFD3A9F2D9AD314", "839286AA0F9AA92EC123C840", "F1E114E7DD280CCECB5B9AE4", "E8CDE2C9AF4655EFC9F8B30D", "40C33EFDA0E7CEE2AACEDE10", "1F7008F7750F548AF6565541", "B38210EECF96AB1FE4C4130D", "429E286158DD74A5AC9FED2C", "300CA7D5E04FE7FF83BCDCEA",); "name" = "AltView"; "sourceTree" = "<group>"; };
		BFC937463906E5DB7A02A37C = { "isa" = "PBXGroup"; "children" = ("97B085D44C0234403D86994E", "091EABDA8DEFC63B3456AA6E", "CCF711486BA9BFB38BB37465", "E75E21ADF1129B582CDA938A", "BCFF508CF86BC515610EA5BC", "D55001CED03F182E245E4BFC", "F6D68932213725C67C064FA4", "08CBA2264DE39B18111A8D64",); "name" = "AltViewTests"; "sourceTree" = "<group>"; };
		E50290A24C49A459B43487C5 = { "isa" = "PBXGroup"; "children" = ("69F8D45498D7E20DA99BB780", "BFC937463906E5DB7A02A37C", "8EC9A00BFD09B3190AC6B222", "B33892FBDDEFFC3368077B49", "FBDC4F23F93125BBEEAE800C",); "sourceTree" = "<group>"; };
		89E1FD6268CC0F221A2BE178 = { "isa" = "XCBuildConfiguration"; "buildSettings" = { "MACOSX_DEPLOYMENT_TARGET" = "12.0"; "SDKROOT" = "macosx"; "SWIFT_VERSION" = "5.0"; "ARCHS" = "$(ARCHS_STANDARD)"; "CLANG_ENABLE_MODULES" = "YES"; "CLANG_ENABLE_OBJC_ARC" = "YES"; "GCC_C_LANGUAGE_STANDARD" = "gnu17"; "ENABLE_USER_SCRIPT_SANDBOXING" = "YES"; "DEBUG_INFORMATION_FORMAT" = "dwarf"; "ONLY_ACTIVE_ARCH" = "YES"; "SWIFT_OPTIMIZATION_LEVEL" = "-Onone"; "SWIFT_ACTIVE_COMPILATION_CONDITIONS" = "DEBUG"; "ENABLE_TESTABILITY" = "YES"; "GCC_WARN_64_TO_32_BIT_CONVERSION" = "YES"; "CLANG_WARN_DOCUMENTATION_COMMENTS" = "YES"; }; "name" = "Debug"; };
		E6DE6C99132752C914FEF632 = { "isa" = "XCBuildConfiguration"; "buildSettings" = { "MACOSX_DEPLOYMENT_TARGET" = "12.0"; "SDKROOT" = "macosx"; "SWIFT_VERSION" = "5.0"; "ARCHS" = "$(ARCHS_STANDARD)"; "CLANG_ENABLE_MODULES" = "YES"; "CLANG_ENABLE_OBJC_ARC" = "YES"; "GCC_C_LANGUAGE_STANDARD" = "gnu17"; "ENABLE_USER_SCRIPT_SANDBOXING" = "YES"; "DEBUG_INFORMATION_FORMAT" = "dwarf-with-dsym"; "ONLY_ACTIVE_ARCH" = "NO"; "SWIFT_OPTIMIZATION_LEVEL" = "-O"; "SWIFT_ACTIVE_COMPILATION_CONDITIONS" = ""; "ENABLE_TESTABILITY" = "NO"; "GCC_WARN_64_TO_32_BIT_CONVERSION" = "YES"; "CLANG_WARN_DOCUMENTATION_COMMENTS" = "YES"; }; "name" = "Release"; };
		862894B703A6DEDF96A9DD6C = { "isa" = "XCConfigurationList"; "buildConfigurations" = ("89E1FD6268CC0F221A2BE178", "E6DE6C99132752C914FEF632",); "defaultConfigurationIsVisible" = "0"; "defaultConfigurationName" = "Release"; };
		915029FC243EAB1C7E9F425B = { "isa" = "XCBuildConfiguration"; "buildSettings" = { "PRODUCT_NAME" = "$(TARGET_NAME)"; "PRODUCT_BUNDLE_IDENTIFIER" = "com.suku.AltView"; "INFOPLIST_FILE" = "$(DERIVED_FILE_DIR)/AltView-Info.plist"; "CURRENT_PROJECT_VERSION" = "1"; "ALTVIEW_SOURCE_COMMIT" = "development"; "CODE_SIGN_ENTITLEMENTS" = "AltView/AltViewDebug.entitlements"; "CODE_SIGN_IDENTITY" = "-"; "CODE_SIGN_STYLE" = "Manual"; "DEVELOPMENT_TEAM" = ""; "ENABLE_HARDENED_RUNTIME" = "YES"; "LD_RUNPATH_SEARCH_PATHS" = ("$(inherited)", "@executable_path/../Frameworks",); "SUPPORTED_PLATFORMS" = "macosx"; "COMBINE_HIDPI_IMAGES" = "YES"; "ASSETCATALOG_COMPILER_APPICON_NAME" = "AppIcon"; }; "name" = "Debug"; };
		1AF691FF57AC290BA27BF7ED = { "isa" = "XCBuildConfiguration"; "buildSettings" = { "PRODUCT_NAME" = "$(TARGET_NAME)"; "PRODUCT_BUNDLE_IDENTIFIER" = "com.suku.AltView"; "INFOPLIST_FILE" = "$(DERIVED_FILE_DIR)/AltView-Info.plist"; "CURRENT_PROJECT_VERSION" = "1"; "ALTVIEW_SOURCE_COMMIT" = "development"; "CODE_SIGN_ENTITLEMENTS" = "AltView/AltView.entitlements"; "CODE_SIGN_IDENTITY" = "Apple Development"; "CODE_SIGN_STYLE" = "Automatic"; "DEVELOPMENT_TEAM" = "E5N29VFW8T"; "ENABLE_HARDENED_RUNTIME" = "YES"; "LD_RUNPATH_SEARCH_PATHS" = ("$(inherited)", "@executable_path/../Frameworks",); "SUPPORTED_PLATFORMS" = "macosx"; "COMBINE_HIDPI_IMAGES" = "YES"; "ASSETCATALOG_COMPILER_APPICON_NAME" = "AppIcon"; "ARCHS" = "arm64 x86_64"; }; "name" = "Release"; };
		9A24A1B9AF62EE7BB29C5E07 = { "isa" = "XCConfigurationList"; "buildConfigurations" = ("915029FC243EAB1C7E9F425B", "1AF691FF57AC290BA27BF7ED",); "defaultConfigurationIsVisible" = "0"; "defaultConfigurationName" = "Release"; };
		8BB5964864C440CD7E2F5500 = { "isa" = "XCBuildConfiguration"; "buildSettings" = { "MACOSX_DEPLOYMENT_TARGET" = "14.0"; "PRODUCT_NAME" = "$(TARGET_NAME)"; "PRODUCT_BUNDLE_IDENTIFIER" = "com.suku.AltViewTests"; "GENERATE_INFOPLIST_FILE" = "YES"; "CODE_SIGN_IDENTITY" = "-"; "CODE_SIGN_STYLE" = "Manual"; "TEST_HOST" = "$(BUILT_PRODUCTS_DIR)/AltView.app/Contents/MacOS/AltView"; "BUNDLE_LOADER" = "$(TEST_HOST)"; "LD_RUNPATH_SEARCH_PATHS" = ("$(inherited)", "@executable_path/../Frameworks", "@loader_path/../Frameworks",); }; "name" = "Debug"; };
		B5950DF8975CC82B7A24FE65 = { "isa" = "XCBuildConfiguration"; "buildSettings" = { "MACOSX_DEPLOYMENT_TARGET" = "14.0"; "PRODUCT_NAME" = "$(TARGET_NAME)"; "PRODUCT_BUNDLE_IDENTIFIER" = "com.suku.AltViewTests"; "GENERATE_INFOPLIST_FILE" = "YES"; "CODE_SIGN_IDENTITY" = "-"; "CODE_SIGN_STYLE" = "Manual"; "TEST_HOST" = "$(BUILT_PRODUCTS_DIR)/AltView.app/Contents/MacOS/AltView"; "BUNDLE_LOADER" = "$(TEST_HOST)"; "LD_RUNPATH_SEARCH_PATHS" = ("$(inherited)", "@executable_path/../Frameworks", "@loader_path/../Frameworks",); }; "name" = "Release"; };
		77E1E66B44E5D9E6035221C1 = { "isa" = "XCConfigurationList"; "buildConfigurations" = ("8BB5964864C440CD7E2F5500", "B5950DF8975CC82B7A24FE65",); "defaultConfigurationIsVisible" = "0"; "defaultConfigurationName" = "Release"; };
		D799BAE6088A90139B415FCC = { "isa" = "PBXContainerItemProxy"; "containerPortal" = "98F54143AB4E86B28C3AFEE0"; "proxyType" = "1"; "remoteGlobalIDString" = "3C3BD363E1B15335C4AC906E"; "remoteInfo" = "AltView"; };
		C58B1D22E6B06406536A4294 = { "isa" = "PBXTargetDependency"; "target" = "3C3BD363E1B15335C4AC906E"; "targetProxy" = "D799BAE6088A90139B415FCC"; };
		3C3BD363E1B15335C4AC906E = { "isa" = "PBXNativeTarget"; "buildConfigurationList" = "9A24A1B9AF62EE7BB29C5E07"; "buildPhases" = ("82D6DB8B5F8E8681CCBD86C4", "0EB3D74A984A5B7C99C8CEFA", "776F13331E9862AC6B063651", "48F9B914E17F16E7CCB59F2D",); "buildRules" = (); "dependencies" = (); "name" = "AltView"; "productName" = "AltView"; "productReference" = "8BCD5BC4CDFDF0918087C782"; "productType" = "com.apple.product-type.application"; "packageProductDependencies" = ("018A88811128075285F71CF5",); };
		30E8B74DF2C015272E280582 = { "isa" = "PBXNativeTarget"; "buildConfigurationList" = "77E1E66B44E5D9E6035221C1"; "buildPhases" = ("39251EFDF58D145FBEB9F58D", "9416DA5A73A95D2D824A6F3A", "EF42677B931679C1FDC06053",); "buildRules" = (); "dependencies" = ("C58B1D22E6B06406536A4294",); "name" = "AltViewTests"; "productName" = "AltViewTests"; "productReference" = "F219C0274590DA45E4BEF1EA"; "productType" = "com.apple.product-type.bundle.unit-test"; "packageProductDependencies" = (); };
		98F54143AB4E86B28C3AFEE0 = { "isa" = "PBXProject"; "attributes" = { "BuildIndependentTargetsInParallel" = "YES"; "LastUpgradeCheck" = "2700"; "TargetAttributes" = { "3C3BD363E1B15335C4AC906E" = { "CreatedOnToolsVersion" = "27.0"; }; "30E8B74DF2C015272E280582" = { "CreatedOnToolsVersion" = "27.0"; "TestTargetID" = "3C3BD363E1B15335C4AC906E"; }; }; }; "buildConfigurationList" = "862894B703A6DEDF96A9DD6C"; "compatibilityVersion" = "Xcode 14.0"; "developmentRegion" = "en"; "hasScannedForEncodings" = "0"; "knownRegions" = ("en", "Base",); "mainGroup" = "E50290A24C49A459B43487C5"; "productRefGroup" = "FBDC4F23F93125BBEEAE800C"; "projectDirPath" = ""; "projectRoot" = ""; "packageReferences" = ("C6DA1B2433073F83FF5C5BF4",); "targets" = ("3C3BD363E1B15335C4AC906E", "30E8B74DF2C015272E280582",); };
	};
	rootObject = 98F54143AB4E86B28C3AFEE0;
}
